
Microsoft Visual Studio Solution File, Format Version 12.00
# Visual Studio 14
VisualStudioVersion = 14.0.24720.0
MinimumVisualStudioVersion = 10.0.40219.1
Project("{FAE04EC0-301F-11D3-BF4B-00C04F79EFBC}") = "webservice", "webservice\webservice.csproj", "{9F5D5160-F65C-49C4-B007-549F6B84395D}"
EndProject
Project("{2150E333-8FDC-42A3-9474-1A3956D46DE8}") = "PublishScripts", "PublishScripts", "{8F9238A5-2824-4EF4-8415-7A36F9E63305}"
EndProject
Project("{2150E333-8FDC-42A3-9474-1A3956D46DE8}") = "Scripts", "Scripts", "{2C572C57-9BC4-4C96-9385-B16BB55DBAFB}"
	ProjectSection(SolutionItems) = preProject
		PublishScripts\Scripts\Deploy-AzureResourceGroup.ps1 = PublishScripts\Scripts\Deploy-AzureResourceGroup.ps1
	EndProjectSection
EndProject
Project("{2150E333-8FDC-42A3-9474-1A3956D46DE8}") = "Templates", "Templates", "{3B6CCDA8-016E-422A-842A-1C6C0CF920BD}"
	ProjectSection(SolutionItems) = preProject
		PublishScripts\Templates\webservice.json = PublishScripts\Templates\webservice.json
		PublishScripts\Templates\webservice.param.dev.json = PublishScripts\Templates\webservice.param.dev.json
	EndProjectSection
EndProject
Global
	GlobalSection(SolutionConfigurationPlatforms) = preSolution
		Debug|Any CPU = Debug|Any CPU
		Release|Any CPU = Release|Any CPU
	EndGlobalSection
	GlobalSection(ProjectConfigurationPlatforms) = postSolution
		{9F5D5160-F65C-49C4-B007-549F6B84395D}.Debug|Any CPU.ActiveCfg = Debug|Any CPU
		{9F5D5160-F65C-49C4-B007-549F6B84395D}.Debug|Any CPU.Build.0 = Debug|Any CPU
		{9F5D5160-F65C-49C4-B007-549F6B84395D}.Release|Any CPU.ActiveCfg = Release|Any CPU
		{9F5D5160-F65C-49C4-B007-549F6B84395D}.Release|Any CPU.Build.0 = Release|Any CPU
	EndGlobalSection
	GlobalSection(SolutionProperties) = preSolution
		HideSolutionNode = FALSE
	EndGlobalSection
	GlobalSection(NestedProjects) = preSolution
		{2C572C57-9BC4-4C96-9385-B16BB55DBAFB} = {8F9238A5-2824-4EF4-8415-7A36F9E63305}
		{3B6CCDA8-016E-422A-842A-1C6C0CF920BD} = {8F9238A5-2824-4EF4-8415-7A36F9E63305}
	EndGlobalSection
EndGlobal
